{
  "name": "Typing_Test_Speed",
  "lockfileVersion": 3,
  "requires": true,
  "packages": {
    "": {
      "dependencies": {
        "english-words": "^0.0.1"
      }
    },
    "node_modules/english-words": {
      "version": "0.0.1",
      "resolved": "https://registry.npmjs.org/english-words/-/english-words-0.0.1.tgz",
      "integrity": "sha512-tpEgTyBX1Xf2BCV0ogQ5n8lyKLBtWSjVAJvReD0caIjkhQiLYpgM31xBkhJrcqypCoQfOwImlVUsRcma8iMXCw=="
    }
  }
}
